// !$*UTF8*$!
{
	archiveVersion = 1;
	classes = {
	};
	objectVersion = 46;
	objects = {

/* Begin PBXBuildFile section */
		90B813301C3D99D600451259 /* AppDelegate.swift in Sources */ = {isa = PBXBuildFile; fileRef = 90B8132F1C3D99D600451259 /* AppDelegate.swift */; };
		90B813321C3D99D600451259 /* ViewController.swift in Sources */ = {isa = PBXBuildFile; fileRef = 90B813311C3D99D600451259 /* ViewController.swift */; };
		90B813351C3D99D600451259 /* Main.storyboard in Resources */ = {isa = PBXBuildFile; fileRef = 90B813331C3D99D600451259 /* Main.storyboard */; };
		90B813371C3D99D600451259 /* Assets.xcassets in Resources */ = {isa = PBXBuildFile; fileRef = 90B813361C3D99D600451259 /* Assets.xcassets */; };
		90B8133A1C3D99D600451259 /* LaunchScreen.storyboard in Resources */ = {isa = PBXBuildFile; fileRef = 90B813381C3D99D600451259 /* LaunchScreen.storyboard */; };
		90B813451C3D99D600451259 /* About_MeTests.swift in Sources */ = {isa = PBXBuildFile; fileRef = 90B813441C3D99D600451259 /* About_MeTests.swift */; };
/* End PBXBuildFile section */

/* Begin PBXContainerItemProxy section */
		90B813411C3D99D600451259 /* PBXContainerItemProxy */ = {
			isa = PBXContainerItemProxy;
			containerPortal = 90B813241C3D99D600451259 /* Project object */;
			proxyType = 1;
			remoteGlobalIDString = 90B8132B1C3D99D600451259;
			remoteInfo = "About Me";
		};
/* End PBXContainerItemProxy section */

/* Begin PBXFileReference section */
		90B8132C1C3D99D600451259 /* About Me.app */ = {isa = PBXFileReference; explicitFileType = wrapper.application; includeInIndex = 0; path = "About Me.app"; sourceTree = BUILT_PRODUCTS_DIR; };
		90B8132F1C3D99D600451259 /* AppDelegate.swift */ = {isa = PBXFileReference; lastKnownFileType = sourcecode.swift; path = AppDelegate.swift; sourceTree = "<group>"; };
		90B813311C3D99D600451259 /* ViewController.swift */ = {isa = PBXFileReference; lastKnownFileType = sourcecode.swift; path = ViewController.swift; sourceTree = "<group>"; };
		90B813341C3D99D600451259 /* Base */ = {isa = PBXFileReference; lastKnownFileType = file.storyboard; name = Base; path = Base.lproj/Main.storyboard; sourceTree = "<group>"; };
		90B813361C3D99D600451259 /* Assets.xcassets */ = {isa = PBXFileReference; lastKnownFileType = folder.assetcatalog; path = Assets.xcassets; sourceTree = "<group>"; };
		90B813391C3D99D600451259 /* Base */ = {isa = PBXFileReference; lastKnownFileType = file.storyboard; name = Base; path = Base.lproj/LaunchScreen.storyboard; sourceTree = "<group>"; };
		90B8133B1C3D99D600451259 /* Info.plist */ = {isa = PBXFileReference; lastKnownFileType = text.plist.xml; path = Info.plist; sourceTree = "<group>"; };
		90B813401C3D99D600451259 /* About MeTests.xctest */ = {isa = PBXFileReference; explicitFileType = wrapper.cfbundle; includeInIndex = 0; path = "About MeTests.xctest"; sourceTree = BUILT_PRODUCTS_DIR; };
		90B813441C3D99D600451259 /* About_MeTests.swift */ = {isa = PBXFileReference; lastKnownFileType = sourcecode.swift; path = About_MeTests.swift; sourceTree = "<group>"; };
		90B813461C3D99D600451259 /* Info.plist */ = {isa = PBXFileReference; lastKnownFileType = text.plist.xml; path = Info.plist; sourceTree = "<group>"; };
/* End PBXFileReference section */

/* Begin PBXFrameworksBuildPhase section */
		90B813291C3D99D600451259 /* Frameworks */ = {
			isa = PBXFrameworksBuildPhase;
			buildActionMask = 2147483647;
			files = (
			);
			runOnlyForDeploymentPostprocessing = 0;
		};
		90B8133D1C3D99D600451259 /* Frameworks */ = {
			isa = PBXFrameworksBuildPhase;
			buildActionMask = 2147483647;
			files = (
			);
			runOnlyForDeploymentPostprocessing = 0;
		};
/* End PBXFrameworksBuildPhase section */

/* Begin PBXGroup section */
		90B813231C3D99D600451259 = {
			isa = PBXGroup;
			children = (
				90B8132E1C3D99D600451259 /* About Me */,
				90B813431C3D99D600451259 /* About MeTests */,
				90B8132D1C3D99D600451259 /* Products */,
			);
			sourceTree = "<group>";
		};
		90B8132D1C3D99D600451259 /* Products */ = {
			isa = PBXGroup;
			children = (
				90B8132C1C3D99D600451259 /* About Me.app */,
				90B813401C3D99D600451259 /* About MeTests.xctest */,
			);
			name = Products;
			sourceTree = "<group>";
		};
		90B8132E1C3D99D600451259 /* About Me */ = {
			isa = PBXGroup;
			children = (
				90B8132F1C3D99D600451259 /* AppDelegate.swift */,
				90B813311C3D99D600451259 /* ViewController.swift */,
				90B813331C3D99D600451259 /* Main.storyboard */,
				90B813361C3D99D600451259 /* Assets.xcassets */,
				90B813381C3D99D600451259 /* LaunchScreen.storyboard */,
				90B8133B1C3D99D600451259 /* Info.plist */,
			);
			path = "About Me";
			sourceTree = "<group>";
		};
		90B813431C3D99D600451259 /* About MeTests */ = {
			isa = PBXGroup;
			children = (
				90B813441C3D99D600451259 /* About_MeTests.swift */,
				90B813461C3D99D600451259 /* Info.plist */,
			);
			path = "About MeTests";
			sourceTree = "<group>";
		};
/* End PBXGroup section */

/* Begin PBXNativeTarget section */
		90B8132B1C3D99D600451259 /* About Me */ = {
			isa = PBXNativeTarget;
			buildConfigurationList = 90B813491C3D99D600451259 /* Build configuration list for PBXNativeTarget "About Me" */;
			buildPhases = (
				90B813281C3D99D600451259 /* Sources */,
				90B813291C3D99D600451259 /* Frameworks */,
				90B8132A1C3D99D600451259 /* Resources */,
			);
			buildRules = (
			);
			dependencies = (
			);
			name = "About Me";
			productName = "About Me";
			productReference = 90B8132C1C3D99D600451259 /* About Me.app */;
			productType = "com.apple.product-type.application";
		};
		90B8133F1C3D99D600451259 /* About MeTests */ = {
			isa = PBXNativeTarget;
			buildConfigurationList = 90B8134C1C3D99D600451259 /* Build configuration list for PBXNativeTarget "About MeTests" */;
			buildPhases = (
				90B8133C1C3D99D600451259 /* Sources */,
				90B8133D1C3D99D600451259 /* Frameworks */,
				90B8133E1C3D99D600451259 /* Resources */,
			);
			buildRules = (
			);
			dependencies = (
				90B813421C3D99D600451259 /* PBXTargetDependency */,
			);
			name = "About MeTests";
			productName = "About MeTests";
			productReference = 90B813401C3D99D600451259 /* About MeTests.xctest */;
			productType = "com.apple.product-type.bundle.unit-test";
		};
/* End PBXNativeTarget section */

/* Begin PBXProject section */
		90B813241C3D99D600451259 /* Project object */ = {
			isa = PBXProject;
			attributes = {
				LastSwiftUpdateCheck = 0720;
				LastUpgradeCheck = 0720;
				ORGANIZATIONNAME = CTEC;
				TargetAttributes = {
					90B8132B1C3D99D600451259 = {
						CreatedOnToolsVersion = 7.2;
					};
					90B8133F1C3D99D600451259 = {
						CreatedOnToolsVersion = 7.2;
						TestTargetID = 90B8132B1C3D99D600451259;
					};
				};
			};
			buildConfigurationList = 90B813271C3D99D600451259 /* Build configuration list for PBXProject "About Me" */;
			compatibilityVersion = "Xcode 3.2";
			developmentRegion = English;
			hasScannedForEncodings = 0;
			knownRegions = (
				en,
				Base,
			);
			mainGroup = 90B813231C3D99D600451259;
			productRefGroup = 90B8132D1C3D99D600451259 /* Products */;
			projectDirPath = "";
			projectRoot = "";
			targets = (
				90B8132B1C3D99D600451259 /* About Me */,
				90B8133F1C3D99D600451259 /* About MeTests */,
			);
		};
/* End PBXProject section */

/* Begin PBXResourcesBuildPhase section */
		90B8132A1C3D99D600451259 /* Resources */ = {
			isa = PBXResourcesBuildPhase;
			buildActionMask = 2147483647;
			files = (
				90B8133A1C3D99D600451259 /* LaunchScreen.storyboard in Resources */,
				90B813371C3D99D600451259 /* Assets.xcassets in Resources */,
				90B813351C3D99D600451259 /* Main.storyboard in Resources */,
			);
			runOnlyForDeploymentPostprocessing = 0;
		};
		90B8133E1C3D99D600451259 /* Resources */ = {
			isa = PBXResourcesBuildPhase;
			buildActionMask = 2147483647;
			files = (
			);
			runOnlyForDeploymentPostprocessing = 0;
		};
/* End PBXResourcesBuildPhase section */

/* Begin PBXSourcesBuildPhase section */
		90B813281C3D99D600451259 /* Sources */ = {
			isa = PBXSourcesBuildPhase;
			buildActionMask = 2147483647;
			files = (
				90B813321C3D99D600451259 /* ViewController.swift in Sources */,
				90B813301C3D99D600451259 /* AppDelegate.swift in Sources */,
			);
			runOnlyForDeploymentPostprocessing = 0;
		};
		90B8133C1C3D99D600451259 /* Sources */ = {
			isa = PBXSourcesBuildPhase;
			buildActionMask = 2147483647;
			files = (
				90B813451C3D99D600451259 /* About_MeTests.swift in Sources */,
			);
			runOnlyForDeploymentPostprocessing = 0;
		};
/* End PBXSourcesBuildPhase section */

/* Begin PBXTargetDependency section */
		90B813421C3D99D600451259 /* PBXTargetDependency */ = {
			isa = PBXTargetDependency;
			target = 90B8132B1C3D99D600451259 /* About Me */;
			targetProxy = 90B813411C3D99D600451259 /* PBXContainerItemProxy */;
		};
/* End PBXTargetDependency section */

/* Begin PBXVariantGroup section */
		90B813331C3D99D600451259 /* Main.storyboard */ = {
			isa = PBXVariantGroup;
			children = (
				90B813341C3D99D600451259 /* Base */,
			);
			name = Main.storyboard;
			sourceTree = "<group>";
		};
		90B813381C3D99D600451259 /* LaunchScreen.storyboard */ = {
			isa = PBXVariantGroup;
			children = (
				90B813391C3D99D600451259 /* Base */,
			);
			name = LaunchScreen.storyboard;
			sourceTree = "<group>";
		};
/* End PBXVariantGroup section */

/* Begin XCBuildConfiguration section */
		90B813471C3D99D600451259 /* Debug */ = {
			isa = XCBuildConfiguration;
			buildSettings = {
				ALWAYS_SEARCH_USER_PATHS = NO;
				CLANG_CXX_LANGUAGE_STANDARD = "gnu++0x";
				CLANG_CXX_LIBRARY = "libc++";
				CLANG_ENABLE_MODULES = YES;
				CLANG_ENABLE_OBJC_ARC = YES;
				CLANG_WARN_BOOL_CONVERSION = YES;
				CLANG_WARN_CONSTANT_CONVERSION = YES;
				CLANG_WARN_DIRECT_OBJC_ISA_USAGE = YES_ERROR;
				CLANG_WARN_EMPTY_BODY = YES;
				CLANG_WARN_ENUM_CONVERSION = YES;
				CLANG_WARN_INT_CONVERSION = YES;
				CLANG_WARN_OBJC_ROOT_CLASS = YES_ERROR;
				CLANG_WARN_UNREACHABLE_CODE = YES;
				CLANG_WARN__DUPLICATE_METHOD_MATCH = YES;
				"CODE_SIGN_IDENTITY[sdk=iphoneos*]" = "iPhone Developer";
				COPY_PHASE_STRIP = NO;
				DEBUG_INFORMATION_FORMAT = dwarf;
				ENABLE_STRICT_OBJC_MSGSEND = YES;
				ENABLE_TESTABILITY = YES;
				GCC_C_LANGUAGE_STANDARD = gnu99;
				GCC_DYNAMIC_NO_PIC = NO;
				GCC_NO_COMMON_BLOCKS = YES;
				GCC_OPTIMIZATION_LEVEL = 0;
				GCC_PREPROCESSOR_DEFINITIONS = (
					"DEBUG=1",
					"$(inherited)",
				);
				GCC_WARN_64_TO_32_BIT_CONVERSION = YES;
				GCC_WARN_ABOUT_RETURN_TYPE = YES_ERROR;
				GCC_WARN_UNDECLARED_SELECTOR = YES;
				GCC_WARN_UNINITIALIZED_AUTOS = YES_AGGRESSIVE;
				GCC_WARN_UNUSED_FUNCTION = YES;
				GCC_WARN_UNUSED_VARIABLE = YES;
				IPHONEOS_DEPLOYMENT_TARGET = 9.2;
				MTL_ENABLE_DEBUG_INFO = YES;
				ONLY_ACTIVE_ARCH = YES;
				SDKROOT = iphoneos;
				SWIFT_OPTIMIZATION_LEVEL = "-Onone";
				TARGETED_DEVICE_FAMILY = "1,2";
			};
			name = Debug;
		};
		90B813481C3D99D600451259 /* Release */ = {
			isa = XCBuildConfiguration;
			buildSettings = {
				ALWAYS_SEARCH_USER_PATHS = NO;
				CLANG_CXX_LANGUAGE_STANDARD = "gnu++0x";
				CLANG_CXX_LIBRARY = "libc++";
				CLANG_ENABLE_MODULES = YES;
				CLANG_ENABLE_OBJC_ARC = YES;
				CLANG_WARN_BOOL_CONVERSION = YES;
				CLANG_WARN_CONSTANT_CONVERSION = YES;
				CLANG_WARN_DIRECT_OBJC_ISA_USAGE = YES_ERROR;
				CLANG_WARN_EMPTY_BODY = YES;
				CLANG_WARN_ENUM_CONVERSION = YES;
				CLANG_WARN_INT_CONVERSION = YES;
				CLANG_WARN_OBJC_ROOT_CLASS = YES_ERROR;
				CLANG_WARN_UNREACHABLE_CODE = YES;
				CLANG_WARN__DUPLICATE_METHOD_MATCH = YES;
				"CODE_SIGN_IDENTITY[sdk=iphoneos*]" = "iPhone Developer";
				COPY_PHASE_STRIP = NO;
				DEBUG_INFORMATION_FORMAT = "dwarf-with-dsym";
				ENABLE_NS_ASSERTIONS = NO;
				ENABLE_STRICT_OBJC_MSGSEND = YES;
				GCC_C_LANGUAGE_STANDARD = gnu99;
				GCC_NO_COMMON_BLOCKS = YES;
				GCC_WARN_64_TO_32_BIT_CONVERSION = YES;
				GCC_WARN_ABOUT_RETURN_TYPE = YES_ERROR;
				GCC_WARN_UNDECLARED_SELECTOR = YES;
				GCC_WARN_UNINITIALIZED_AUTOS = YES_AGGRESSIVE;
				GCC_WARN_UNUSED_FUNCTION = YES;
				GCC_WARN_UNUSED_VARIABLE = YES;
				IPHONEOS_DEPLOYMENT_TARGET = 9.2;
				MTL_ENABLE_DEBUG_INFO = NO;
				SDKROOT = iphoneos;
				TARGETED_DEVICE_FAMILY = "1,2";
				VALIDATE_PRODUCT = YES;
			};
			name = Release;
		};
		90B8134A1C3D99D600451259 /* Debug */ = {
			isa = XCBuildConfiguration;
			buildSettings = {
				ASSETCATALOG_COMPILER_APPICON_NAME = AppIcon;
				INFOPLIST_FILE = "About Me/Info.plist";
				LD_RUNPATH_SEARCH_PATHS = "$(inherited) @executable_path/Frameworks";
				PRODUCT_BUNDLE_IDENTIFIER = "ctec.About-Me";
				PRODUCT_NAME = "$(TARGET_NAME)";
			};
			name = Debug;
		};
		90B8134B1C3D99D600451259 /* Release */ = {
			isa = XCBuildConfiguration;
			buildSettings = {
				ASSETCATALOG_COMPILER_APPICON_NAME = AppIcon;
				INFOPLIST_FILE = "About Me/Info.plist";
				LD_RUNPATH_SEARCH_PATHS = "$(inherited) @executable_path/Frameworks";
				PRODUCT_BUNDLE_IDENTIFIER = "ctec.About-Me";
				PRODUCT_NAME = "$(TARGET_NAME)";
			};
			name = Release;
		};
		90B8134D1C3D99D600451259 /* Debug */ = {
			isa = XCBuildConfiguration;
			buildSettings = {
				BUNDLE_LOADER = "$(TEST_HOST)";
				INFOPLIST_FILE = "About MeTests/Info.plist";
				LD_RUNPATH_SEARCH_PATHS = "$(inherited) @executable_path/Frameworks @loader_path/Frameworks";
				PRODUCT_BUNDLE_IDENTIFIER = "ctec.About-MeTests";
				PRODUCT_NAME = "$(TARGET_NAME)";
				TEST_HOST = "$(BUILT_PRODUCTS_DIR)/About Me.app/About Me";
			};
			name = Debug;
		};
		90B8134E1C3D99D600451259 /* Release */ = {
			isa = XCBuildConfiguration;
			buildSettings = {
				BUNDLE_LOADER = "$(TEST_HOST)";
				INFOPLIST_FILE = "About MeTests/Info.plist";
				LD_RUNPATH_SEARCH_PATHS = "$(inherited) @executable_path/Frameworks @loader_path/Frameworks";
				PRODUCT_BUNDLE_IDENTIFIER = "ctec.About-MeTests";
				PRODUCT_NAME = "$(TARGET_NAME)";
				TEST_HOST = "$(BUILT_PRODUCTS_DIR)/About Me.app/About Me";
			};
			name = Release;
		};
/* End XCBuildConfiguration section */

/* Begin XCConfigurationList section */
		90B813271C3D99D600451259 /* Build configuration list for PBXProject "About Me" */ = {
			isa = XCConfigurationList;
			buildConfigurations = (
				90B813471C3D99D600451259 /* Debug */,
				90B813481C3D99D600451259 /* Release */,
			);
			defaultConfigurationIsVisible = 0;
			defaultConfigurationName = Release;
		};
		90B813491C3D99D600451259 /* Build configuration list for PBXNativeTarget "About Me" */ = {
			isa = XCConfigurationList;
			buildConfigurations = (
				90B8134A1C3D99D600451259 /* Debug */,
				90B8134B1C3D99D600451259 /* Release */,
			);
			defaultConfigurationIsVisible = 0;
		};
		90B8134C1C3D99D600451259 /* Build configuration list for PBXNativeTarget "About MeTests" */ = {
			isa = XCConfigurationList;
			buildConfigurations = (
				90B8134D1C3D99D600451259 /* Debug */,
				90B8134E1C3D99D600451259 /* Release */,
			);
			defaultConfigurationIsVisible = 0;
		};
/* End XCConfigurationList section */
	};
	rootObject = 90B813241C3D99D600451259 /* Project object */;
}
